
Microsoft Visual Studio Solution File, Format Version 12.00
# Visual Studio Version 16
VisualStudioVersion = 16.0.31624.102
MinimumVisualStudioVersion = 10.0.40219.1
Project("{FAE04EC0-301F-11D3-BF4B-00C04F79EFBC}") = "WebApplication2", "WebApplication2\WebApplication2.csproj", "{98D9B4F5-7760-4555-98DB-F9ED9057CCC9}"
EndProject
Global
	GlobalSection(SolutionConfigurationPlatforms) = preSolution
		Debug|Any CPU = Debug|Any CPU
		Release|Any CPU = Release|Any CPU
	EndGlobalSection
	GlobalSection(ProjectConfigurationPlatforms) = postSolution
		{98D9B4F5-7760-4555-98DB-F9ED9057CCC9}.Debug|Any CPU.ActiveCfg = Debug|Any CPU
		{98D9B4F5-7760-4555-98DB-F9ED9057CCC9}.Debug|Any CPU.Build.0 = Debug|Any CPU
		{98D9B4F5-7760-4555-98DB-F9ED9057CCC9}.Release|Any CPU.ActiveCfg = Release|Any CPU
		{98D9B4F5-7760-4555-98DB-F9ED9057CCC9}.Release|Any CPU.Build.0 = Release|Any CPU
	EndGlobalSection
	GlobalSection(SolutionProperties) = preSolution
		HideSolutionNode = FALSE
	EndGlobalSection
	GlobalSection(ExtensibilityGlobals) = postSolution
		SolutionGuid = {59A960CA-85B2-4630-A58F-C8824E3EC31B}
	EndGlobalSection
EndGlobal
